
Microsoft Visual Studio Solution File, Format Version 12.00
# Visual Studio 2012
# SharpDevelop 5.1
VisualStudioVersion = 12.0.21005.1
MinimumVisualStudioVersion = 10.0.40219.1
Project("{FAE04EC0-301F-11D3-BF4B-00C04F79EFBC}") = "Simple Audio Player", "Simple Audio Player\Simple Audio Player.csproj", "{273703C9-0334-445A-B18F-CDBAA26D73FC}"
EndProject
Project("{FAE04EC0-301F-11D3-BF4B-00C04F79EFBC}") = "updater", "Simple Audio Player\updater\updater\updater.csproj", "{EC7F1338-C003-4588-82B9-5ABB6DE91285}"
EndProject
Global
	GlobalSection(SolutionConfigurationPlatforms) = preSolution
		Debug|Any CPU = Debug|Any CPU
		Release|Any CPU = Release|Any CPU
	EndGlobalSection
	GlobalSection(ProjectConfigurationPlatforms) = postSolution
		{273703C9-0334-445A-B18F-CDBAA26D73FC}.Debug|Any CPU.ActiveCfg = Debug|Any CPU
		{273703C9-0334-445A-B18F-CDBAA26D73FC}.Debug|Any CPU.Build.0 = Debug|Any CPU
		{273703C9-0334-445A-B18F-CDBAA26D73FC}.Release|Any CPU.ActiveCfg = Release|Any CPU
		{273703C9-0334-445A-B18F-CDBAA26D73FC}.Release|Any CPU.Build.0 = Release|Any CPU
		{EC7F1338-C003-4588-82B9-5ABB6DE91285}.Debug|Any CPU.ActiveCfg = Debug|Any CPU
		{EC7F1338-C003-4588-82B9-5ABB6DE91285}.Debug|Any CPU.Build.0 = Debug|Any CPU
		{EC7F1338-C003-4588-82B9-5ABB6DE91285}.Release|Any CPU.ActiveCfg = Release|Any CPU
		{EC7F1338-C003-4588-82B9-5ABB6DE91285}.Release|Any CPU.Build.0 = Release|Any CPU
	EndGlobalSection
	GlobalSection(SolutionProperties) = preSolution
		HideSolutionNode = FALSE
	EndGlobalSection
EndGlobal
